
Microsoft Visual Studio Solution File, Format Version 12.00
# Visual Studio 15
VisualStudioVersion = 15.0.28307.271
MinimumVisualStudioVersion = 10.0.40219.1
Project("{FAE04EC0-301F-11D3-BF4B-00C04F79EFBC}") = "RSVP", "RSVP\RSVP.csproj", "{8F9ED3A2-5EF0-4A37-B903-069FD7A7C559}"
EndProject
Global
	GlobalSection(SolutionConfigurationPlatforms) = preSolution
		Debug|Any CPU = Debug|Any CPU
		Release|Any CPU = Release|Any CPU
	EndGlobalSection
	GlobalSection(ProjectConfigurationPlatforms) = postSolution
		{8F9ED3A2-5EF0-4A37-B903-069FD7A7C559}.Debug|Any CPU.ActiveCfg = Debug|Any CPU
		{8F9ED3A2-5EF0-4A37-B903-069FD7A7C559}.Debug|Any CPU.Build.0 = Debug|Any CPU
		{8F9ED3A2-5EF0-4A37-B903-069FD7A7C559}.Release|Any CPU.ActiveCfg = Release|Any CPU
		{8F9ED3A2-5EF0-4A37-B903-069FD7A7C559}.Release|Any CPU.Build.0 = Release|Any CPU
	EndGlobalSection
	GlobalSection(SolutionProperties) = preSolution
		HideSolutionNode = FALSE
	EndGlobalSection
	GlobalSection(ExtensibilityGlobals) = postSolution
		SolutionGuid = {8BEF5E87-8EF3-43AF-8738-2CA58FFC4EB0}
	EndGlobalSection
EndGlobal
